
Microsoft Visual Studio Solution File, Format Version 12.00
# Visual Studio 15
VisualStudioVersion = 15.0.28010.2036
MinimumVisualStudioVersion = 10.0.40219.1
Project("{9A19103F-16F7-4668-BE54-9A1E7A4F7556}") = "MyNetCoreMVC", "MyNetCoreMVC\MyNetCoreMVC.csproj", "{4B3EE4BA-026F-48BD-833C-07A0CE70E374}"
EndProject
Global
	GlobalSection(SolutionConfigurationPlatforms) = preSolution
		Debug|Any CPU = Debug|Any CPU
		Release|Any CPU = Release|Any CPU
	EndGlobalSection
	GlobalSection(ProjectConfigurationPlatforms) = postSolution
		{4B3EE4BA-026F-48BD-833C-07A0CE70E374}.Debug|Any CPU.ActiveCfg = Debug|Any CPU
		{4B3EE4BA-026F-48BD-833C-07A0CE70E374}.Debug|Any CPU.Build.0 = Debug|Any CPU
		{4B3EE4BA-026F-48BD-833C-07A0CE70E374}.Release|Any CPU.ActiveCfg = Release|Any CPU
		{4B3EE4BA-026F-48BD-833C-07A0CE70E374}.Release|Any CPU.Build.0 = Release|Any CPU
	EndGlobalSection
	GlobalSection(SolutionProperties) = preSolution
		HideSolutionNode = FALSE
	EndGlobalSection
	GlobalSection(ExtensibilityGlobals) = postSolution
		SolutionGuid = {025F7E37-4FE4-4162-8480-653F4FAF0682}
	EndGlobalSection
EndGlobal
